
Microsoft Visual Studio Solution File, Format Version 12.00
# Visual Studio Version 17
VisualStudioVersion = 17.13.35818.85
MinimumVisualStudioVersion = 10.0.40219.1
Project("{FAE04EC0-301F-11D3-BF4B-00C04F79EFBC}") = "SabitovApp", "SabitovApp\SabitovApp.csproj", "{B839BC25-D6E6-4397-8A4E-DD0999702B53}"
EndProject
Project("{FAE04EC0-301F-11D3-BF4B-00C04F79EFBC}") = "SabitovNiyazKT_31_22.Tests", "SabitovNiyazKT_31_22.Tests\SabitovNiyazKT_31_22.Tests.csproj", "{BCDB44EB-98EF-4427-856A-2D1BD1007CF5}"
EndProject
Global
	GlobalSection(SolutionConfigurationPlatforms) = preSolution
		Debug|Any CPU = Debug|Any CPU
		Release|Any CPU = Release|Any CPU
	EndGlobalSection
	GlobalSection(ProjectConfigurationPlatforms) = postSolution
		{B839BC25-D6E6-4397-8A4E-DD0999702B53}.Debug|Any CPU.ActiveCfg = Debug|Any CPU
		{B839BC25-D6E6-4397-8A4E-DD0999702B53}.Debug|Any CPU.Build.0 = Debug|Any CPU
		{B839BC25-D6E6-4397-8A4E-DD0999702B53}.Release|Any CPU.ActiveCfg = Release|Any CPU
		{B839BC25-D6E6-4397-8A4E-DD0999702B53}.Release|Any CPU.Build.0 = Release|Any CPU
		{BCDB44EB-98EF-4427-856A-2D1BD1007CF5}.Debug|Any CPU.ActiveCfg = Debug|Any CPU
		{BCDB44EB-98EF-4427-856A-2D1BD1007CF5}.Debug|Any CPU.Build.0 = Debug|Any CPU
		{BCDB44EB-98EF-4427-856A-2D1BD1007CF5}.Release|Any CPU.ActiveCfg = Release|Any CPU
		{BCDB44EB-98EF-4427-856A-2D1BD1007CF5}.Release|Any CPU.Build.0 = Release|Any CPU
	EndGlobalSection
	GlobalSection(SolutionProperties) = preSolution
		HideSolutionNode = FALSE
	EndGlobalSection
	GlobalSection(ExtensibilityGlobals) = postSolution
		SolutionGuid = {31935BD8-25A9-468A-9329-CD87686A443E}
	EndGlobalSection
EndGlobal
